hash: 5f473a8d45fc948b6884f1379d20276ee8afb45ebc731aa2f98e339371158507
updated: 2016-04-15T22:11:24.550111503+09:00
imports:
- name: github.com/go-sql-driver/mysql
  version: 7ebe0a500653eeb1859664bed5e48dec1e164e73
- name: github.com/gocraft/dbr
  version: 78b5b74da0b8bcbe167cc4c55d3383b6893848c3
  subpackages:
  - dialect
- name: github.com/labstack/echo
  version: 288164d00a1c6f256c2655e96476be4b65f7629c
  subpackages:
  - engine/standard
  - middleware
  - engine
- name: github.com/labstack/gommon
  version: f8343700e8769e645b5f9949ec2e3a69f9fd71eb
  subpackages:
  - log
  - color
- name: github.com/mattn/go-colorable
  version: 9cbef7c35391cca05f15f8181dc0b18bc9736dbb
- name: github.com/mattn/go-isatty
  version: 56b76bdf51f7708750eac80fa38b952bb9f32639
- name: github.com/valyala/fasttemplate
  version: 3b874956e03f1636d171bda64b130f9135f42cff
- name: github.com/westlab/door-api
  version: 2f6aad04faa2c1b5ec272ffc30dc02e0dce654be
  subpackages:
  - route
  - api
- name: golang.org/x/net
  version: fb93926129b8ec0056f2f458b1f519654814edf0
  subpackages:
  - context
- name: golang.org/x/sys
  version: 324e1375807370c3934e14f3a97e7d160832f6b4
  subpackages:
  - unix
devImports: []
